
Microsoft Visual Studio Solution File, Format Version 12.00
# Visual Studio Version 16
VisualStudioVersion = 16.0.30611.23
MinimumVisualStudioVersion = 10.0.40219.1
Project("{FAE04EC0-301F-11D3-BF4B-00C04F79EFBC}") = "CPlex.net", "CPlex.net\CPlex.net.csproj", "{1673D2ED-7F26-4C53-AA12-D00200C630ED}"
EndProject
Global
	GlobalSection(SolutionConfigurationPlatforms) = preSolution
		Debug|Any CPU = Debug|Any CPU
		Release|Any CPU = Release|Any CPU
	EndGlobalSection
	GlobalSection(ProjectConfigurationPlatforms) = postSolution
		{1673D2ED-7F26-4C53-AA12-D00200C630ED}.Debug|Any CPU.ActiveCfg = Debug|Any CPU
		{1673D2ED-7F26-4C53-AA12-D00200C630ED}.Debug|Any CPU.Build.0 = Debug|Any CPU
		{1673D2ED-7F26-4C53-AA12-D00200C630ED}.Release|Any CPU.ActiveCfg = Release|Any CPU
		{1673D2ED-7F26-4C53-AA12-D00200C630ED}.Release|Any CPU.Build.0 = Release|Any CPU
	EndGlobalSection
	GlobalSection(SolutionProperties) = preSolution
		HideSolutionNode = FALSE
	EndGlobalSection
	GlobalSection(ExtensibilityGlobals) = postSolution
		SolutionGuid = {8EA952C8-8733-45EF-B622-5D003CF74C8C}
	EndGlobalSection
EndGlobal
